
Microsoft Visual Studio Solution File, Format Version 12.00
# Visual Studio Version 17
VisualStudioVersion = 17.9.34728.123
MinimumVisualStudioVersion = 10.0.40219.1
Project("{FAE04EC0-301F-11D3-BF4B-00C04F79EFBC}") = "CashierApplication", "CashierApplication\CashierApplication.csproj", "{45E9B3E9-816E-4525-BB09-6A92D204FF4B}"
EndProject
Global
	GlobalSection(SolutionConfigurationPlatforms) = preSolution
		Debug|Any CPU = Debug|Any CPU
		Release|Any CPU = Release|Any CPU
	EndGlobalSection
	GlobalSection(ProjectConfigurationPlatforms) = postSolution
		{45E9B3E9-816E-4525-BB09-6A92D204FF4B}.Debug|Any CPU.ActiveCfg = Debug|Any CPU
		{45E9B3E9-816E-4525-BB09-6A92D204FF4B}.Debug|Any CPU.Build.0 = Debug|Any CPU
		{45E9B3E9-816E-4525-BB09-6A92D204FF4B}.Release|Any CPU.ActiveCfg = Release|Any CPU
		{45E9B3E9-816E-4525-BB09-6A92D204FF4B}.Release|Any CPU.Build.0 = Release|Any CPU
	EndGlobalSection
	GlobalSection(SolutionProperties) = preSolution
		HideSolutionNode = FALSE
	EndGlobalSection
	GlobalSection(ExtensibilityGlobals) = postSolution
		SolutionGuid = {10A993FD-E113-4F29-81D0-1E91BDD70DBE}
	EndGlobalSection
EndGlobal
